
Microsoft Visual Studio Solution File, Format Version 12.00
# Visual Studio Version 17
VisualStudioVersion = 17.8.34525.116
MinimumVisualStudioVersion = 10.0.40219.1
Project("{FAE04EC0-301F-11D3-BF4B-00C04F79EFBC}") = "MethodOverloading", "MethodOverloading\MethodOverloading.csproj", "{9AA57616-5124-4AA8-9162-F0AB898FD8C3}"
EndProject
Global
	GlobalSection(SolutionConfigurationPlatforms) = preSolution
		Debug|Any CPU = Debug|Any CPU
		Release|Any CPU = Release|Any CPU
	EndGlobalSection
	GlobalSection(ProjectConfigurationPlatforms) = postSolution
		{9AA57616-5124-4AA8-9162-F0AB898FD8C3}.Debug|Any CPU.ActiveCfg = Debug|Any CPU
		{9AA57616-5124-4AA8-9162-F0AB898FD8C3}.Debug|Any CPU.Build.0 = Debug|Any CPU
		{9AA57616-5124-4AA8-9162-F0AB898FD8C3}.Release|Any CPU.ActiveCfg = Release|Any CPU
		{9AA57616-5124-4AA8-9162-F0AB898FD8C3}.Release|Any CPU.Build.0 = Release|Any CPU
	EndGlobalSection
	GlobalSection(SolutionProperties) = preSolution
		HideSolutionNode = FALSE
	EndGlobalSection
	GlobalSection(ExtensibilityGlobals) = postSolution
		SolutionGuid = {74E7137D-115D-4D0F-BAC2-774D5468129A}
	EndGlobalSection
EndGlobal
